
Microsoft Visual Studio Solution File, Format Version 12.00
# Visual Studio Version 16
VisualStudioVersion = 16.0.30907.101
MinimumVisualStudioVersion = 10.0.40219.1
Project("{FAE04EC0-301F-11D3-BF4B-00C04F79EFBC}") = "game_Project", "game_Project\game_Project.csproj", "{F9EBE9D7-26B5-4B0F-9D58-3C5D18F73613}"
EndProject
Global
	GlobalSection(SolutionConfigurationPlatforms) = preSolution
		Debug|Any CPU = Debug|Any CPU
		Release|Any CPU = Release|Any CPU
	EndGlobalSection
	GlobalSection(ProjectConfigurationPlatforms) = postSolution
		{F9EBE9D7-26B5-4B0F-9D58-3C5D18F73613}.Debug|Any CPU.ActiveCfg = Debug|Any CPU
		{F9EBE9D7-26B5-4B0F-9D58-3C5D18F73613}.Debug|Any CPU.Build.0 = Debug|Any CPU
		{F9EBE9D7-26B5-4B0F-9D58-3C5D18F73613}.Release|Any CPU.ActiveCfg = Release|Any CPU
		{F9EBE9D7-26B5-4B0F-9D58-3C5D18F73613}.Release|Any CPU.Build.0 = Release|Any CPU
	EndGlobalSection
	GlobalSection(SolutionProperties) = preSolution
		HideSolutionNode = FALSE
	EndGlobalSection
	GlobalSection(ExtensibilityGlobals) = postSolution
		SolutionGuid = {536E10C0-BBDF-4D55-A6BC-E50738929317}
	EndGlobalSection
EndGlobal
